<?xml version="1.0" encoding="UTF-8" standalone="yes" ?>
<CodeBlocks_project_file>
	<FileVersion major="1" minor="6" />
	<Project>
		<Option title="TEdit" />
		<Option pch_mode="2" />
		<Option compiler="gcc" />
		<Build>
			<Target title="Debug">
				<Option output="bin/Debug/TEdit" prefix_auto="1" extension_auto="1" />
				<Option object_output="obj/Debug/" />
				<Option type="1" />
				<Option compiler="gcc" />
				<Compiler>
					<Add option="-g" />
				</Compiler>
			</Target>
			<Target title="Release">
				<Option output="bin/Release/TEdit" prefix_auto="1" extension_auto="1" />
				<Option object_output="obj/Release/" />
				<Option type="1" />
				<Option compiler="gcc" />
				<Compiler>
					<Add option="-O2" />
				</Compiler>
				<Linker>
					<Add option="-s" />
				</Linker>
			</Target>
		</Build>
		<VirtualTargets>
			<Add alias="all" targets="Debug;Release;" />
		</VirtualTargets>
		<Compiler>
			<Add option="-Wall" />
			<Add option="-std=c++14" />
			<Add option="-Wno-unused-function -Werror=return-type -fno-rtti" />
		</Compiler>
		<Unit filename="src/IOLayer.cpp" />
		<Unit filename="src/IOLayer.h" />
		<Unit filename="src/IOLayerNix.cpp">
			<Option compile="0" />
			<Option link="0" />
		</Unit>
		<Unit filename="src/IOLayerOsDevV2.cpp">
			<Option compile="0" />
			<Option link="0" />
		</Unit>
		<Unit filename="src/IOLayerWin32.cpp">
			<Option compile="0" />
			<Option link="0" />
		</Unit>
		<Unit filename="src/MenuEngine.cpp" />
		<Unit filename="src/MenuEngine.h" />
		<Unit filename="src/Text.cpp" />
		<Unit filename="src/Text.h" />
		<Unit filename="src/TextEngine.cpp" />
		<Unit filename="src/TextEngine.h" />
		<Unit filename="src/TextLine.cpp" />
		<Unit filename="src/TextLine.h" />
		<Unit filename="src/Util.cpp" />
		<Unit filename="src/Util.h" />
		<Unit filename="src/tedit_main.cpp" />
		<Extensions>
			<code_completion />
			<envvars />
			<debugger />
		</Extensions>
	</Project>
</CodeBlocks_project_file>
